// !$*UTF8*$!
{
	archiveVersion = 1;
	classes = {
	};
	objectVersion = 77;
	objects = {

/* Begin PBXContainerItemProxy section */
		BE08EC012C9D13FE0074C285 /* PBXContainerItemProxy */ = {
			isa = PBXContainerItemProxy;
			containerPortal = BE08EBE62C9D13FB0074C285 /* Project object */;
			proxyType = 1;
			remoteGlobalIDString = BE08EBED2C9D13FB0074C285;
			remoteInfo = SMART;
		};
		BE08EC0B2C9D13FE0074C285 /* PBXContainerItemProxy */ = {
			isa = PBXContainerItemProxy;
			containerPortal = BE08EBE62C9D13FB0074C285 /* Project object */;
			proxyType = 1;
			remoteGlobalIDString = BE08EBED2C9D13FB0074C285;
			remoteInfo = SMART;
		};
/* End PBXContainerItemProxy section */

/* Begin PBXFileReference section */
		BE08EBEE2C9D13FB0074C285 /* SMART.app */ = {isa = PBXFileReference; explicitFileType = wrapper.application; includeInIndex = 0; path = SMART.app; sourceTree = BUILT_PRODUCTS_DIR; };
		BE08EC002C9D13FE0074C285 /* SMARTTests.xctest */ = {isa = PBXFileReference; explicitFileType = wrapper.cfbundle; includeInIndex = 0; path = SMARTTests.xctest; sourceTree = BUILT_PRODUCTS_DIR; };
		BE08EC0A2C9D13FE0074C285 /* SMARTUITests.xctest */ = {isa = PBXFileReference; explicitFileType = wrapper.cfbundle; includeInIndex = 0; path = SMARTUITests.xctest; sourceTree = BUILT_PRODUCTS_DIR; };
/* End PBXFileReference section */

/* Begin PBXFileSystemSynchronizedBuildFileExceptionSet section */
		BE08EC252C9D1C9D0074C285 /* Exceptions for "SMART" folder in "SMARTTests" target */ = {
			isa = PBXFileSystemSynchronizedBuildFileExceptionSet;
			membershipExceptions = (
				IOS/Models/AuthResponse.swift,
				IOS/Models/User.swift,
				IOS/SMARTTests/SMARTTests.swift,
			);
			target = BE08EBFF2C9D13FE0074C285 /* SMARTTests */;
		};
		E34ED2132CAC69E300F20C98 /* Exceptions for "SMART" folder in "SMART" target */ = {
			isa = PBXFileSystemSynchronizedBuildFileExceptionSet;
			membershipExceptions = (
				IOS/SMARTTests/SMARTTests.swift,
				IOS/SMARTUITests/SMARTUITests.swift,
				IOS/SMARTUITests/SMARTUITestsLaunchTests.swift,
			);
			target = BE08EBED2C9D13FB0074C285 /* SMART */;
		};
		E34ED2142CAC69E300F20C98 /* Exceptions for "SMART" folder in "SMARTUITests" target */ = {
			isa = PBXFileSystemSynchronizedBuildFileExceptionSet;
			membershipExceptions = (
				IOS/SMARTUITests/SMARTUITests.swift,
				IOS/SMARTUITests/SMARTUITestsLaunchTests.swift,
			);
			target = BE08EC092C9D13FE0074C285 /* SMARTUITests */;
		};
/* End PBXFileSystemSynchronizedBuildFileExceptionSet section */

/* Begin PBXFileSystemSynchronizedRootGroup section */
		BE08EBF02C9D13FB0074C285 /* SMART */ = {
			isa = PBXFileSystemSynchronizedRootGroup;
			exceptions = (
				E34ED2132CAC69E300F20C98 /* Exceptions for "SMART" folder in "SMART" target */,
				BE08EC252C9D1C9D0074C285 /* Exceptions for "SMART" folder in "SMARTTests" target */,
				E34ED2142CAC69E300F20C98 /* Exceptions for "SMART" folder in "SMARTUITests" target */,
			);
			path = SMART;
			sourceTree = "<group>";
		};
/* End PBXFileSystemSynchronizedRootGroup section */

/* Begin PBXFrameworksBuildPhase section */
		BE08EBEB2C9D13FB0074C285 /* Frameworks */ = {
			isa = PBXFrameworksBuildPhase;
			buildActionMask = 2147483647;
			files = (
			);
			runOnlyForDeploymentPostprocessing = 0;
		};
		BE08EBFD2C9D13FE0074C285 /* Frameworks */ = {
			isa = PBXFrameworksBuildPhase;
			buildActionMask = 2147483647;
			files = (
			);
			runOnlyForDeploymentPostprocessing = 0;
		};
		BE08EC072C9D13FE0074C285 /* Frameworks */ = {
			isa = PBXFrameworksBuildPhase;
			buildActionMask = 2147483647;
			files = (
			);
			runOnlyForDeploymentPostprocessing = 0;
		};
/* End PBXFrameworksBuildPhase section */

/* Begin PBXGroup section */
		BE08EBE52C9D13FB0074C285 = {
			isa = PBXGroup;
			children = (
				BE08EBF02C9D13FB0074C285 /* SMART */,
				BE08EBEF2C9D13FB0074C285 /* Products */,
			);
			sourceTree = "<group>";
		};
		BE08EBEF2C9D13FB0074C285 /* Products */ = {
			isa = PBXGroup;
			children = (
				BE08EBEE2C9D13FB0074C285 /* SMART.app */,
				BE08EC002C9D13FE0074C285 /* SMARTTests.xctest */,
				BE08EC0A2C9D13FE0074C285 /* SMARTUITests.xctest */,
			);
			name = Products;
			sourceTree = "<group>";
		};
/* End PBXGroup section */

/* Begin PBXNativeTarget section */
		BE08EBED2C9D13FB0074C285 /* SMART */ = {
			isa = PBXNativeTarget;
			buildConfigurationList = BE08EC142C9D13FE0074C285 /* Build configuration list for PBXNativeTarget "SMART" */;
			buildPhases = (
				BE08EBEA2C9D13FB0074C285 /* Sources */,
				BE08EBEB2C9D13FB0074C285 /* Frameworks */,
				BE08EBEC2C9D13FB0074C285 /* Resources */,
			);
			buildRules = (
			);
			dependencies = (
			);
			fileSystemSynchronizedGroups = (
				BE08EBF02C9D13FB0074C285 /* SMART */,
			);
			name = SMART;
			packageProductDependencies = (
			);
			productName = SMART;
			productReference = BE08EBEE2C9D13FB0074C285 /* SMART.app */;
			productType = "com.apple.product-type.application";
		};
		BE08EBFF2C9D13FE0074C285 /* SMARTTests */ = {
			isa = PBXNativeTarget;
			buildConfigurationList = BE08EC172C9D13FE0074C285 /* Build configuration list for PBXNativeTarget "SMARTTests" */;
			buildPhases = (
				BE08EBFC2C9D13FE0074C285 /* Sources */,
				BE08EBFD2C9D13FE0074C285 /* Frameworks */,
				BE08EBFE2C9D13FE0074C285 /* Resources */,
			);
			buildRules = (
			);
			dependencies = (
				BE08EC022C9D13FE0074C285 /* PBXTargetDependency */,
			);
			name = SMARTTests;
			packageProductDependencies = (
			);
			productName = SMARTTests;
			productReference = BE08EC002C9D13FE0074C285 /* SMARTTests.xctest */;
			productType = "com.apple.product-type.bundle.unit-test";
		};
		BE08EC092C9D13FE0074C285 /* SMARTUITests */ = {
			isa = PBXNativeTarget;
			buildConfigurationList = BE08EC1A2C9D13FE0074C285 /* Build configuration list for PBXNativeTarget "SMARTUITests" */;
			buildPhases = (
				BE08EC062C9D13FE0074C285 /* Sources */,
				BE08EC072C9D13FE0074C285 /* Frameworks */,
				BE08EC082C9D13FE0074C285 /* Resources */,
			);
			buildRules = (
			);
			dependencies = (
				BE08EC0C2C9D13FE0074C285 /* PBXTargetDependency */,
			);
			name = SMARTUITests;
			packageProductDependencies = (
			);
			productName = SMARTUITests;
			productReference = BE08EC0A2C9D13FE0074C285 /* SMARTUITests.xctest */;
			productType = "com.apple.product-type.bundle.ui-testing";
		};
/* End PBXNativeTarget section */

/* Begin PBXProject section */
		BE08EBE62C9D13FB0074C285 /* Project object */ = {
			isa = PBXProject;
			attributes = {
				BuildIndependentTargetsInParallel = 1;
				LastSwiftUpdateCheck = 1600;
				LastUpgradeCheck = 1600;
				TargetAttributes = {
					BE08EBED2C9D13FB0074C285 = {
						CreatedOnToolsVersion = 16.0;
					};
					BE08EBFF2C9D13FE0074C285 = {
						CreatedOnToolsVersion = 16.0;
						TestTargetID = BE08EBED2C9D13FB0074C285;
					};
					BE08EC092C9D13FE0074C285 = {
						CreatedOnToolsVersion = 16.0;
						TestTargetID = BE08EBED2C9D13FB0074C285;
					};
				};
			};
			buildConfigurationList = BE08EBE92C9D13FB0074C285 /* Build configuration list for PBXProject "SMART" */;
			developmentRegion = en;
			hasScannedForEncodings = 0;
			knownRegions = (
				en,
				Base,
			);
			mainGroup = BE08EBE52C9D13FB0074C285;
			minimizedProjectReferenceProxies = 1;
			preferredProjectObjectVersion = 77;
			productRefGroup = BE08EBEF2C9D13FB0074C285 /* Products */;
			projectDirPath = "";
			projectRoot = "";
			targets = (
				BE08EBED2C9D13FB0074C285 /* SMART */,
				BE08EBFF2C9D13FE0074C285 /* SMARTTests */,
				BE08EC092C9D13FE0074C285 /* SMARTUITests */,
			);
		};
/* End PBXProject section */

/* Begin PBXResourcesBuildPhase section */
		BE08EBEC2C9D13FB0074C285 /* Resources */ = {
			isa = PBXResourcesBuildPhase;
			buildActionMask = 2147483647;
			files = (
			);
			runOnlyForDeploymentPostprocessing = 0;
		};
		BE08EBFE2C9D13FE0074C285 /* Resources */ = {
			isa = PBXResourcesBuildPhase;
			buildActionMask = 2147483647;
			files = (
			);
			runOnlyForDeploymentPostprocessing = 0;
		};
		BE08EC082C9D13FE0074C285 /* Resources */ = {
			isa = PBXResourcesBuildPhase;
			buildActionMask = 2147483647;
			files = (
			);
			runOnlyForDeploymentPostprocessing = 0;
		};
/* End PBXResourcesBuildPhase section */

/* Begin PBXSourcesBuildPhase section */
		BE08EBEA2C9D13FB0074C285 /* Sources */ = {
			isa = PBXSourcesBuildPhase;
			buildActionMask = 2147483647;
			files = (
			);
			runOnlyForDeploymentPostprocessing = 0;
		};
		BE08EBFC2C9D13FE0074C285 /* Sources */ = {
			isa = PBXSourcesBuildPhase;
			buildActionMask = 2147483647;
			files = (
			);
			runOnlyForDeploymentPostprocessing = 0;
		};
		BE08EC062C9D13FE0074C285 /* Sources */ = {
			isa = PBXSourcesBuildPhase;
			buildActionMask = 2147483647;
			files = (
			);
			runOnlyForDeploymentPostprocessing = 0;
		};
/* End PBXSourcesBuildPhase section */

/* Begin PBXTargetDependency section */
		BE08EC022C9D13FE0074C285 /* PBXTargetDependency */ = {
			isa = PBXTargetDependency;
			target = BE08EBED2C9D13FB0074C285 /* SMART */;
			targetProxy = BE08EC012C9D13FE0074C285 /* PBXContainerItemProxy */;
		};
		BE08EC0C2C9D13FE0074C285 /* PBXTargetDependency */ = {
			isa = PBXTargetDependency;
			target = BE08EBED2C9D13FB0074C285 /* SMART */;
			targetProxy = BE08EC0B2C9D13FE0074C285 /* PBXContainerItemProxy */;
		};
/* End PBXTargetDependency section */

/* Begin XCBuildConfiguration section */
		BE08EC122C9D13FE0074C285 /* Debug */ = {
			isa = XCBuildConfiguration;
			buildSettings = {
				ALWAYS_SEARCH_USER_PATHS = NO;
				ASSETCATALOG_COMPILER_GENERATE_SWIFT_ASSET_SYMBOL_EXTENSIONS = YES;
				CLANG_ANALYZER_NONNULL = YES;
				CLANG_ANALYZER_NUMBER_OBJECT_CONVERSION = YES_AGGRESSIVE;
				CLANG_CXX_LANGUAGE_STANDARD = "gnu++20";
				CLANG_ENABLE_MODULES = YES;
				CLANG_ENABLE_OBJC_ARC = YES;
				CLANG_ENABLE_OBJC_WEAK = YES;
				CLANG_WARN_BLOCK_CAPTURE_AUTORELEASING = YES;
				CLANG_WARN_BOOL_CONVERSION = YES;
				CLANG_WARN_COMMA = YES;
				CLANG_WARN_CONSTANT_CONVERSION = YES;
				CLANG_WARN_DEPRECATED_OBJC_IMPLEMENTATIONS = YES;
				CLANG_WARN_DIRECT_OBJC_ISA_USAGE = YES_ERROR;
				CLANG_WARN_DOCUMENTATION_COMMENTS = YES;
				CLANG_WARN_EMPTY_BODY = YES;
				CLANG_WARN_ENUM_CONVERSION = YES;
				CLANG_WARN_INFINITE_RECURSION = YES;
				CLANG_WARN_INT_CONVERSION = YES;
				CLANG_WARN_NON_LITERAL_NULL_CONVERSION = YES;
				CLANG_WARN_OBJC_IMPLICIT_RETAIN_SELF = YES;
				CLANG_WARN_OBJC_LITERAL_CONVERSION = YES;
				CLANG_WARN_OBJC_ROOT_CLASS = YES_ERROR;
				CLANG_WARN_QUOTED_INCLUDE_IN_FRAMEWORK_HEADER = YES;
				CLANG_WARN_RANGE_LOOP_ANALYSIS = YES;
				CLANG_WARN_STRICT_PROTOTYPES = YES;
				CLANG_WARN_SUSPICIOUS_MOVE = YES;
				CLANG_WARN_UNGUARDED_AVAILABILITY = YES_AGGRESSIVE;
				CLANG_WARN_UNREACHABLE_CODE = YES;
				CLANG_WARN__DUPLICATE_METHOD_MATCH = YES;
				COPY_PHASE_STRIP = NO;
				DEBUG_INFORMATION_FORMAT = dwarf;
				ENABLE_STRICT_OBJC_MSGSEND = YES;
				ENABLE_TESTABILITY = YES;
				ENABLE_USER_SCRIPT_SANDBOXING = YES;
				GCC_C_LANGUAGE_STANDARD = gnu17;
				GCC_DYNAMIC_NO_PIC = NO;
				GCC_NO_COMMON_BLOCKS = YES;
				GCC_OPTIMIZATION_LEVEL = 0;
				GCC_PREPROCESSOR_DEFINITIONS = (
					"DEBUG=1",
					"$(inherited)",
				);
				GCC_WARN_64_TO_32_BIT_CONVERSION = YES;
				GCC_WARN_ABOUT_RETURN_TYPE = YES_ERROR;
				GCC_WARN_UNDECLARED_SELECTOR = YES;
				GCC_WARN_UNINITIALIZED_AUTOS = YES_AGGRESSIVE;
				GCC_WARN_UNUSED_FUNCTION = YES;
				GCC_WARN_UNUSED_VARIABLE = YES;
				IPHONEOS_DEPLOYMENT_TARGET = 18.0;
				LOCALIZATION_PREFERS_STRING_CATALOGS = YES;
				MTL_ENABLE_DEBUG_INFO = INCLUDE_SOURCE;
				MTL_FAST_MATH = YES;
				ONLY_ACTIVE_ARCH = YES;
				SDKROOT = iphoneos;
				SWIFT_ACTIVE_COMPILATION_CONDITIONS = "DEBUG $(inherited)";
				SWIFT_OPTIMIZATION_LEVEL = "-Onone";
			};
			name = Debug;
		};
		BE08EC132C9D13FE0074C285 /* Release */ = {
			isa = XCBuildConfiguration;
			buildSettings = {
				ALWAYS_SEARCH_USER_PATHS = NO;
				ASSETCATALOG_COMPILER_GENERATE_SWIFT_ASSET_SYMBOL_EXTENSIONS = YES;
				CLANG_ANALYZER_NONNULL = YES;
				CLANG_ANALYZER_NUMBER_OBJECT_CONVERSION = YES_AGGRESSIVE;
				CLANG_CXX_LANGUAGE_STANDARD = "gnu++20";
				CLANG_ENABLE_MODULES = YES;
				CLANG_ENABLE_OBJC_ARC = YES;
				CLANG_ENABLE_OBJC_WEAK = YES;
				CLANG_WARN_BLOCK_CAPTURE_AUTORELEASING = YES;
				CLANG_WARN_BOOL_CONVERSION = YES;
				CLANG_WARN_COMMA = YES;
				CLANG_WARN_CONSTANT_CONVERSION = YES;
				CLANG_WARN_DEPRECATED_OBJC_IMPLEMENTATIONS = YES;
				CLANG_WARN_DIRECT_OBJC_ISA_USAGE = YES_ERROR;
				CLANG_WARN_DOCUMENTATION_COMMENTS = YES;
				CLANG_WARN_EMPTY_BODY = YES;
				CLANG_WARN_ENUM_CONVERSION = YES;
				CLANG_WARN_INFINITE_RECURSION = YES;
				CLANG_WARN_INT_CONVERSION = YES;
				CLANG_WARN_NON_LITERAL_NULL_CONVERSION = YES;
				CLANG_WARN_OBJC_IMPLICIT_RETAIN_SELF = YES;
				CLANG_WARN_OBJC_LITERAL_CONVERSION = YES;
				CLANG_WARN_OBJC_ROOT_CLASS = YES_ERROR;
				CLANG_WARN_QUOTED_INCLUDE_IN_FRAMEWORK_HEADER = YES;
				CLANG_WARN_RANGE_LOOP_ANALYSIS = YES;
				CLANG_WARN_STRICT_PROTOTYPES = YES;
				CLANG_WARN_SUSPICIOUS_MOVE = YES;
				CLANG_WARN_UNGUARDED_AVAILABILITY = YES_AGGRESSIVE;
				CLANG_WARN_UNREACHABLE_CODE = YES;
				CLANG_WARN__DUPLICATE_METHOD_MATCH = YES;
				COPY_PHASE_STRIP = NO;
				DEBUG_INFORMATION_FORMAT = "dwarf-with-dsym";
				ENABLE_NS_ASSERTIONS = NO;
				ENABLE_STRICT_OBJC_MSGSEND = YES;
				ENABLE_USER_SCRIPT_SANDBOXING = YES;
				GCC_C_LANGUAGE_STANDARD = gnu17;
				GCC_NO_COMMON_BLOCKS = YES;
				GCC_WARN_64_TO_32_BIT_CONVERSION = YES;
				GCC_WARN_ABOUT_RETURN_TYPE = YES_ERROR;
				GCC_WARN_UNDECLARED_SELECTOR = YES;
				GCC_WARN_UNINITIALIZED_AUTOS = YES_AGGRESSIVE;
				GCC_WARN_UNUSED_FUNCTION = YES;
				GCC_WARN_UNUSED_VARIABLE = YES;
				IPHONEOS_DEPLOYMENT_TARGET = 18.0;
				LOCALIZATION_PREFERS_STRING_CATALOGS = YES;
				MTL_ENABLE_DEBUG_INFO = NO;
				MTL_FAST_MATH = YES;
				SDKROOT = iphoneos;
				SWIFT_COMPILATION_MODE = wholemodule;
				VALIDATE_PRODUCT = YES;
			};
			name = Release;
		};
		BE08EC152C9D13FE0074C285 /* Debug */ = {
			isa = XCBuildConfiguration;
			buildSettings = {
				ASSETCATALOG_COMPILER_APPICON_NAME = AppIcon;
				ASSETCATALOG_COMPILER_GLOBAL_ACCENT_COLOR_NAME = AccentColor;
				CODE_SIGN_STYLE = Automatic;
				CURRENT_PROJECT_VERSION = 1;
				DEVELOPMENT_ASSET_PATHS = "\"SMART/Preview Content\"";
				DEVELOPMENT_TEAM = 9S67Y6QRQ2;
				ENABLE_PREVIEWS = YES;
				GENERATE_INFOPLIST_FILE = YES;
				INFOPLIST_KEY_UIApplicationSceneManifest_Generation = YES;
				INFOPLIST_KEY_UIApplicationSupportsIndirectInputEvents = YES;
				INFOPLIST_KEY_UILaunchScreen_Generation = YES;
				INFOPLIST_KEY_UISupportedInterfaceOrientations_iPad = "UIInterfaceOrientationPortrait UIInterfaceOrientationPortraitUpsideDown UIInterfaceOrientationLandscapeLeft UIInterfaceOrientationLandscapeRight";
				INFOPLIST_KEY_UISupportedInterfaceOrientations_iPhone = "UIInterfaceOrientationPortrait UIInterfaceOrientationLandscapeLeft UIInterfaceOrientationLandscapeRight";
				LD_RUNPATH_SEARCH_PATHS = (
					"$(inherited)",
					"@executable_path/Frameworks",
				);
				MARKETING_VERSION = 1.0;
				PRODUCT_BUNDLE_IDENTIFIER = "Indie-kreator.SMART";
				PRODUCT_NAME = "$(TARGET_NAME)";
				SWIFT_EMIT_LOC_STRINGS = YES;
				SWIFT_VERSION = 5.0;
				TARGETED_DEVICE_FAMILY = "1,2";
			};
			name = Debug;
		};
		BE08EC162C9D13FE0074C285 /* Release */ = {
			isa = XCBuildConfiguration;
			buildSettings = {
				ASSETCATALOG_COMPILER_APPICON_NAME = AppIcon;
				ASSETCATALOG_COMPILER_GLOBAL_ACCENT_COLOR_NAME = AccentColor;
				CODE_SIGN_STYLE = Automatic;
				CURRENT_PROJECT_VERSION = 1;
				DEVELOPMENT_ASSET_PATHS = "\"SMART/Preview Content\"";
				DEVELOPMENT_TEAM = 9S67Y6QRQ2;
				ENABLE_PREVIEWS = YES;
				GENERATE_INFOPLIST_FILE = YES;
				INFOPLIST_KEY_UIApplicationSceneManifest_Generation = YES;
				INFOPLIST_KEY_UIApplicationSupportsIndirectInputEvents = YES;
				INFOPLIST_KEY_UILaunchScreen_Generation = YES;
				INFOPLIST_KEY_UISupportedInterfaceOrientations_iPad = "UIInterfaceOrientationPortrait UIInterfaceOrientationPortraitUpsideDown UIInterfaceOrientationLandscapeLeft UIInterfaceOrientationLandscapeRight";
				INFOPLIST_KEY_UISupportedInterfaceOrientations_iPhone = "UIInterfaceOrientationPortrait UIInterfaceOrientationLandscapeLeft UIInterfaceOrientationLandscapeRight";
				LD_RUNPATH_SEARCH_PATHS = (
					"$(inherited)",
					"@executable_path/Frameworks",
				);
				MARKETING_VERSION = 1.0;
				PRODUCT_BUNDLE_IDENTIFIER = "Indie-kreator.SMART";
				PRODUCT_NAME = "$(TARGET_NAME)";
				SWIFT_EMIT_LOC_STRINGS = YES;
				SWIFT_VERSION = 5.0;
				TARGETED_DEVICE_FAMILY = "1,2";
			};
			name = Release;
		};
		BE08EC182C9D13FE0074C285 /* Debug */ = {
			isa = XCBuildConfiguration;
			buildSettings = {
				BUNDLE_LOADER = "$(TEST_HOST)";
				CODE_SIGN_STYLE = Automatic;
				CURRENT_PROJECT_VERSION = 1;
				DEVELOPMENT_TEAM = 9S67Y6QRQ2;
				GENERATE_INFOPLIST_FILE = YES;
				IPHONEOS_DEPLOYMENT_TARGET = 18.0;
				MARKETING_VERSION = 1.0;
				PRODUCT_BUNDLE_IDENTIFIER = "Indie-kreator.SMARTTests";
				PRODUCT_NAME = "$(TARGET_NAME)";
				SWIFT_EMIT_LOC_STRINGS = NO;
				SWIFT_VERSION = 5.0;
				TARGETED_DEVICE_FAMILY = "1,2";
				TEST_HOST = "$(BUILT_PRODUCTS_DIR)/SMART.app/$(BUNDLE_EXECUTABLE_FOLDER_PATH)/SMART";
			};
			name = Debug;
		};
		BE08EC192C9D13FE0074C285 /* Release */ = {
			isa = XCBuildConfiguration;
			buildSettings = {
				BUNDLE_LOADER = "$(TEST_HOST)";
				CODE_SIGN_STYLE = Automatic;
				CURRENT_PROJECT_VERSION = 1;
				DEVELOPMENT_TEAM = 9S67Y6QRQ2;
				GENERATE_INFOPLIST_FILE = YES;
				IPHONEOS_DEPLOYMENT_TARGET = 18.0;
				MARKETING_VERSION = 1.0;
				PRODUCT_BUNDLE_IDENTIFIER = "Indie-kreator.SMARTTests";
				PRODUCT_NAME = "$(TARGET_NAME)";
				SWIFT_EMIT_LOC_STRINGS = NO;
				SWIFT_VERSION = 5.0;
				TARGETED_DEVICE_FAMILY = "1,2";
				TEST_HOST = "$(BUILT_PRODUCTS_DIR)/SMART.app/$(BUNDLE_EXECUTABLE_FOLDER_PATH)/SMART";
			};
			name = Release;
		};
		BE08EC1B2C9D13FE0074C285 /* Debug */ = {
			isa = XCBuildConfiguration;
			buildSettings = {
				CODE_SIGN_STYLE = Automatic;
				CURRENT_PROJECT_VERSION = 1;
				DEVELOPMENT_TEAM = 9S67Y6QRQ2;
				GENERATE_INFOPLIST_FILE = YES;
				MARKETING_VERSION = 1.0;
				PRODUCT_BUNDLE_IDENTIFIER = "Indie-kreator.SMARTUITests";
				PRODUCT_NAME = "$(TARGET_NAME)";
				SWIFT_EMIT_LOC_STRINGS = NO;
				SWIFT_VERSION = 5.0;
				TARGETED_DEVICE_FAMILY = "1,2";
				TEST_TARGET_NAME = SMART;
			};
			name = Debug;
		};
		BE08EC1C2C9D13FE0074C285 /* Release */ = {
			isa = XCBuildConfiguration;
			buildSettings = {
				CODE_SIGN_STYLE = Automatic;
				CURRENT_PROJECT_VERSION = 1;
				DEVELOPMENT_TEAM = 9S67Y6QRQ2;
				GENERATE_INFOPLIST_FILE = YES;
				MARKETING_VERSION = 1.0;
				PRODUCT_BUNDLE_IDENTIFIER = "Indie-kreator.SMARTUITests";
				PRODUCT_NAME = "$(TARGET_NAME)";
				SWIFT_EMIT_LOC_STRINGS = NO;
				SWIFT_VERSION = 5.0;
				TARGETED_DEVICE_FAMILY = "1,2";
				TEST_TARGET_NAME = SMART;
			};
			name = Release;
		};
/* End XCBuildConfiguration section */

/* Begin XCConfigurationList section */
		BE08EBE92C9D13FB0074C285 /* Build configuration list for PBXProject "SMART" */ = {
			isa = XCConfigurationList;
			buildConfigurations = (
				BE08EC122C9D13FE0074C285 /* Debug */,
				BE08EC132C9D13FE0074C285 /* Release */,
			);
			defaultConfigurationIsVisible = 0;
			defaultConfigurationName = Release;
		};
		BE08EC142C9D13FE0074C285 /* Build configuration list for PBXNativeTarget "SMART" */ = {
			isa = XCConfigurationList;
			buildConfigurations = (
				BE08EC152C9D13FE0074C285 /* Debug */,
				BE08EC162C9D13FE0074C285 /* Release */,
			);
			defaultConfigurationIsVisible = 0;
			defaultConfigurationName = Release;
		};
		BE08EC172C9D13FE0074C285 /* Build configuration list for PBXNativeTarget "SMARTTests" */ = {
			isa = XCConfigurationList;
			buildConfigurations = (
				BE08EC182C9D13FE0074C285 /* Debug */,
				BE08EC192C9D13FE0074C285 /* Release */,
			);
			defaultConfigurationIsVisible = 0;
			defaultConfigurationName = Release;
		};
		BE08EC1A2C9D13FE0074C285 /* Build configuration list for PBXNativeTarget "SMARTUITests" */ = {
			isa = XCConfigurationList;
			buildConfigurations = (
				BE08EC1B2C9D13FE0074C285 /* Debug */,
				BE08EC1C2C9D13FE0074C285 /* Release */,
			);
			defaultConfigurationIsVisible = 0;
			defaultConfigurationName = Release;
		};
/* End XCConfigurationList section */
	};
	rootObject = BE08EBE62C9D13FB0074C285 /* Project object */;
}
